
Microsoft Visual Studio Solution File, Format Version 12.00
# Visual Studio Version 17
VisualStudioVersion = 17.0.32126.317
MinimumVisualStudioVersion = 10.0.40219.1
Project("{FAE04EC0-301F-11D3-BF4B-00C04F79EFBC}") = "Clase9Ejer1", "Clase9Ejer1.csproj", "{EA9A3ECD-C00D-43AE-83C7-8742BF98EA6A}"
EndProject
Global
	GlobalSection(SolutionConfigurationPlatforms) = preSolution
		Debug|Any CPU = Debug|Any CPU
		Release|Any CPU = Release|Any CPU
	EndGlobalSection
	GlobalSection(ProjectConfigurationPlatforms) = postSolution
		{EA9A3ECD-C00D-43AE-83C7-8742BF98EA6A}.Debug|Any CPU.ActiveCfg = Debug|Any CPU
		{EA9A3ECD-C00D-43AE-83C7-8742BF98EA6A}.Debug|Any CPU.Build.0 = Debug|Any CPU
		{EA9A3ECD-C00D-43AE-83C7-8742BF98EA6A}.Release|Any CPU.ActiveCfg = Release|Any CPU
		{EA9A3ECD-C00D-43AE-83C7-8742BF98EA6A}.Release|Any CPU.Build.0 = Release|Any CPU
	EndGlobalSection
	GlobalSection(SolutionProperties) = preSolution
		HideSolutionNode = FALSE
	EndGlobalSection
	GlobalSection(ExtensibilityGlobals) = postSolution
		SolutionGuid = {F7B93F76-962B-4477-B5DA-A92DA7CBE075}
	EndGlobalSection
EndGlobal
